// !$*UTF8*$!
{
	archiveVersion = 1;
	classes = {
	};
	objectVersion = 50;
	objects = {

/* Begin PBXBuildFile section */
		D9B666DB244781B900E75980 /* AppDelegate.swift in Sources */ = {isa = PBXBuildFile; fileRef = D9B666DA244781B900E75980 /* AppDelegate.swift */; };
		D9B666DD244781B900E75980 /* SceneDelegate.swift in Sources */ = {isa = PBXBuildFile; fileRef = D9B666DC244781B900E75980 /* SceneDelegate.swift */; };
		D9B666DF244781B900E75980 /* ViewController.swift in Sources */ = {isa = PBXBuildFile; fileRef = D9B666DE244781B900E75980 /* ViewController.swift */; };
		D9B666E2244781B900E75980 /* Main.storyboard in Resources */ = {isa = PBXBuildFile; fileRef = D9B666E0244781B900E75980 /* Main.storyboard */; };
		D9B666E4244781BF00E75980 /* Assets.xcassets in Resources */ = {isa = PBXBuildFile; fileRef = D9B666E3244781BF00E75980 /* Assets.xcassets */; };
		D9B666E7244781BF00E75980 /* LaunchScreen.storyboard in Resources */ = {isa = PBXBuildFile; fileRef = D9B666E5244781BF00E75980 /* LaunchScreen.storyboard */; };
		D9B666F524478EA400E75980 /* LocationHandler.swift in Sources */ = {isa = PBXBuildFile; fileRef = D9B666F424478EA400E75980 /* LocationHandler.swift */; };
		D9B666F7244799C000E75980 /* CLLocation+Extensions.swift in Sources */ = {isa = PBXBuildFile; fileRef = D9B666F6244799C000E75980 /* CLLocation+Extensions.swift */; };
		D9B666FB24479F5800E75980 /* MainViewController.swift in Sources */ = {isa = PBXBuildFile; fileRef = D9B666FA24479F5800E75980 /* MainViewController.swift */; };
		D9B666FF2448BA3100E75980 /* LocationGenerator.swift in Sources */ = {isa = PBXBuildFile; fileRef = D9B666FE2448BA3100E75980 /* LocationGenerator.swift */; };
/* End PBXBuildFile section */

/* Begin PBXFileReference section */
		D9B666D7244781B900E75980 /* CompassTest.app */ = {isa = PBXFileReference; explicitFileType = wrapper.application; includeInIndex = 0; path = CompassTest.app; sourceTree = BUILT_PRODUCTS_DIR; };
		D9B666DA244781B900E75980 /* AppDelegate.swift */ = {isa = PBXFileReference; lastKnownFileType = sourcecode.swift; path = AppDelegate.swift; sourceTree = "<group>"; };
		D9B666DC244781B900E75980 /* SceneDelegate.swift */ = {isa = PBXFileReference; lastKnownFileType = sourcecode.swift; path = SceneDelegate.swift; sourceTree = "<group>"; };
		D9B666DE244781B900E75980 /* ViewController.swift */ = {isa = PBXFileReference; lastKnownFileType = sourcecode.swift; path = ViewController.swift; sourceTree = "<group>"; };
		D9B666E1244781B900E75980 /* Base */ = {isa = PBXFileReference; lastKnownFileType = file.storyboard; name = Base; path = Base.lproj/Main.storyboard; sourceTree = "<group>"; };
		D9B666E3244781BF00E75980 /* Assets.xcassets */ = {isa = PBXFileReference; lastKnownFileType = folder.assetcatalog; path = Assets.xcassets; sourceTree = "<group>"; };
		D9B666E6244781BF00E75980 /* Base */ = {isa = PBXFileReference; lastKnownFileType = file.storyboard; name = Base; path = Base.lproj/LaunchScreen.storyboard; sourceTree = "<group>"; };
		D9B666E8244781BF00E75980 /* Info.plist */ = {isa = PBXFileReference; lastKnownFileType = text.plist.xml; path = Info.plist; sourceTree = "<group>"; };
		D9B666F424478EA400E75980 /* LocationHandler.swift */ = {isa = PBXFileReference; lastKnownFileType = sourcecode.swift; path = LocationHandler.swift; sourceTree = "<group>"; };
		D9B666F6244799C000E75980 /* CLLocation+Extensions.swift */ = {isa = PBXFileReference; lastKnownFileType = sourcecode.swift; path = "CLLocation+Extensions.swift"; sourceTree = "<group>"; };
		D9B666FA24479F5800E75980 /* MainViewController.swift */ = {isa = PBXFileReference; lastKnownFileType = sourcecode.swift; path = MainViewController.swift; sourceTree = "<group>"; };
		D9B666FE2448BA3100E75980 /* LocationGenerator.swift */ = {isa = PBXFileReference; lastKnownFileType = sourcecode.swift; path = LocationGenerator.swift; sourceTree = "<group>"; };
/* End PBXFileReference section */

/* Begin PBXFrameworksBuildPhase section */
		D9B666D4244781B800E75980 /* Frameworks */ = {
			isa = PBXFrameworksBuildPhase;
			buildActionMask = 2147483647;
			files = (
			);
			runOnlyForDeploymentPostprocessing = 0;
		};
/* End PBXFrameworksBuildPhase section */

/* Begin PBXGroup section */
		D9B666CE244781B800E75980 = {
			isa = PBXGroup;
			children = (
				D9B666D9244781B900E75980 /* CompassTest */,
				D9B666D8244781B900E75980 /* Products */,
			);
			sourceTree = "<group>";
		};
		D9B666D8244781B900E75980 /* Products */ = {
			isa = PBXGroup;
			children = (
				D9B666D7244781B900E75980 /* CompassTest.app */,
			);
			name = Products;
			sourceTree = "<group>";
		};
		D9B666D9244781B900E75980 /* CompassTest */ = {
			isa = PBXGroup;
			children = (
				D9B666F124478DD500E75980 /* Helpers */,
				D9B666F024478DD000E75980 /* Model */,
				D9B666EF24478DC500E75980 /* Controller */,
				D9B666EE24478DC000E75980 /* View */,
				D9B666DA244781B900E75980 /* AppDelegate.swift */,
				D9B666DC244781B900E75980 /* SceneDelegate.swift */,
				D9B666DE244781B900E75980 /* ViewController.swift */,
				D9B666E3244781BF00E75980 /* Assets.xcassets */,
				D9B666E5244781BF00E75980 /* LaunchScreen.storyboard */,
				D9B666E8244781BF00E75980 /* Info.plist */,
			);
			path = CompassTest;
			sourceTree = "<group>";
		};
		D9B666EE24478DC000E75980 /* View */ = {
			isa = PBXGroup;
			children = (
				D9B666E0244781B900E75980 /* Main.storyboard */,
			);
			path = View;
			sourceTree = "<group>";
		};
		D9B666EF24478DC500E75980 /* Controller */ = {
			isa = PBXGroup;
			children = (
				D9B666FA24479F5800E75980 /* MainViewController.swift */,
			);
			path = Controller;
			sourceTree = "<group>";
		};
		D9B666F024478DD000E75980 /* Model */ = {
			isa = PBXGroup;
			children = (
			);
			path = Model;
			sourceTree = "<group>";
		};
		D9B666F124478DD500E75980 /* Helpers */ = {
			isa = PBXGroup;
			children = (
				D9B666F424478EA400E75980 /* LocationHandler.swift */,
				D9B666F6244799C000E75980 /* CLLocation+Extensions.swift */,
				D9B666FE2448BA3100E75980 /* LocationGenerator.swift */,
			);
			path = Helpers;
			sourceTree = "<group>";
		};
/* End PBXGroup section */

/* Begin PBXNativeTarget section */
		D9B666D6244781B800E75980 /* CompassTest */ = {
			isa = PBXNativeTarget;
			buildConfigurationList = D9B666EB244781BF00E75980 /* Build configuration list for PBXNativeTarget "CompassTest" */;
			buildPhases = (
				D9B666D3244781B800E75980 /* Sources */,
				D9B666D4244781B800E75980 /* Frameworks */,
				D9B666D5244781B800E75980 /* Resources */,
			);
			buildRules = (
			);
			dependencies = (
			);
			name = CompassTest;
			productName = CompassTest;
			productReference = D9B666D7244781B900E75980 /* CompassTest.app */;
			productType = "com.apple.product-type.application";
		};
/* End PBXNativeTarget section */

/* Begin PBXProject section */
		D9B666CF244781B800E75980 /* Project object */ = {
			isa = PBXProject;
			attributes = {
				LastSwiftUpdateCheck = 1140;
				LastUpgradeCheck = 1140;
				ORGANIZATIONNAME = "Pedro Henrique Guedes Silveira";
				TargetAttributes = {
					D9B666D6244781B800E75980 = {
						CreatedOnToolsVersion = 11.4;
					};
				};
			};
			buildConfigurationList = D9B666D2244781B800E75980 /* Build configuration list for PBXProject "CompassTest" */;
			compatibilityVersion = "Xcode 9.3";
			developmentRegion = en;
			hasScannedForEncodings = 0;
			knownRegions = (
				en,
				Base,
			);
			mainGroup = D9B666CE244781B800E75980;
			productRefGroup = D9B666D8244781B900E75980 /* Products */;
			projectDirPath = "";
			projectRoot = "";
			targets = (
				D9B666D6244781B800E75980 /* CompassTest */,
			);
		};
/* End PBXProject section */

/* Begin PBXResourcesBuildPhase section */
		D9B666D5244781B800E75980 /* Resources */ = {
			isa = PBXResourcesBuildPhase;
			buildActionMask = 2147483647;
			files = (
				D9B666E7244781BF00E75980 /* LaunchScreen.storyboard in Resources */,
				D9B666E4244781BF00E75980 /* Assets.xcassets in Resources */,
				D9B666E2244781B900E75980 /* Main.storyboard in Resources */,
			);
			runOnlyForDeploymentPostprocessing = 0;
		};
/* End PBXResourcesBuildPhase section */

/* Begin PBXSourcesBuildPhase section */
		D9B666D3244781B800E75980 /* Sources */ = {
			isa = PBXSourcesBuildPhase;
			buildActionMask = 2147483647;
			files = (
				D9B666FB24479F5800E75980 /* MainViewController.swift in Sources */,
				D9B666DF244781B900E75980 /* ViewController.swift in Sources */,
				D9B666FF2448BA3100E75980 /* LocationGenerator.swift in Sources */,
				D9B666F7244799C000E75980 /* CLLocation+Extensions.swift in Sources */,
				D9B666DB244781B900E75980 /* AppDelegate.swift in Sources */,
				D9B666DD244781B900E75980 /* SceneDelegate.swift in Sources */,
				D9B666F524478EA400E75980 /* LocationHandler.swift in Sources */,
			);
			runOnlyForDeploymentPostprocessing = 0;
		};
/* End PBXSourcesBuildPhase section */

/* Begin PBXVariantGroup section */
		D9B666E0244781B900E75980 /* Main.storyboard */ = {
			isa = PBXVariantGroup;
			children = (
				D9B666E1244781B900E75980 /* Base */,
			);
			name = Main.storyboard;
			sourceTree = "<group>";
		};
		D9B666E5244781BF00E75980 /* LaunchScreen.storyboard */ = {
			isa = PBXVariantGroup;
			children = (
				D9B666E6244781BF00E75980 /* Base */,
			);
			name = LaunchScreen.storyboard;
			sourceTree = "<group>";
		};
/* End PBXVariantGroup section */

/* Begin XCBuildConfiguration section */
		D9B666E9244781BF00E75980 /* Debug */ = {
			isa = XCBuildConfiguration;
			buildSettings = {
				ALWAYS_SEARCH_USER_PATHS = NO;
				CLANG_ANALYZER_NONNULL = YES;
				CLANG_ANALYZER_NUMBER_OBJECT_CONVERSION = YES_AGGRESSIVE;
				CLANG_CXX_LANGUAGE_STANDARD = "gnu++14";
				CLANG_CXX_LIBRARY = "libc++";
				CLANG_ENABLE_MODULES = YES;
				CLANG_ENABLE_OBJC_ARC = YES;
				CLANG_ENABLE_OBJC_WEAK = YES;
				CLANG_WARN_BLOCK_CAPTURE_AUTORELEASING = YES;
				CLANG_WARN_BOOL_CONVERSION = YES;
				CLANG_WARN_COMMA = YES;
				CLANG_WARN_CONSTANT_CONVERSION = YES;
				CLANG_WARN_DEPRECATED_OBJC_IMPLEMENTATIONS = YES;
				CLANG_WARN_DIRECT_OBJC_ISA_USAGE = YES_ERROR;
				CLANG_WARN_DOCUMENTATION_COMMENTS = YES;
				CLANG_WARN_EMPTY_BODY = YES;
				CLANG_WARN_ENUM_CONVERSION = YES;
				CLANG_WARN_INFINITE_RECURSION = YES;
				CLANG_WARN_INT_CONVERSION = YES;
				CLANG_WARN_NON_LITERAL_NULL_CONVERSION = YES;
				CLANG_WARN_OBJC_IMPLICIT_RETAIN_SELF = YES;
				CLANG_WARN_OBJC_LITERAL_CONVERSION = YES;
				CLANG_WARN_OBJC_ROOT_CLASS = YES_ERROR;
				CLANG_WARN_RANGE_LOOP_ANALYSIS = YES;
				CLANG_WARN_STRICT_PROTOTYPES = YES;
				CLANG_WARN_SUSPICIOUS_MOVE = YES;
				CLANG_WARN_UNGUARDED_AVAILABILITY = YES_AGGRESSIVE;
				CLANG_WARN_UNREACHABLE_CODE = YES;
				CLANG_WARN__DUPLICATE_METHOD_MATCH = YES;
				COPY_PHASE_STRIP = NO;
				DEBUG_INFORMATION_FORMAT = dwarf;
				ENABLE_STRICT_OBJC_MSGSEND = YES;
				ENABLE_TESTABILITY = YES;
				GCC_C_LANGUAGE_STANDARD = gnu11;
				GCC_DYNAMIC_NO_PIC = NO;
				GCC_NO_COMMON_BLOCKS = YES;
				GCC_OPTIMIZATION_LEVEL = 0;
				GCC_PREPROCESSOR_DEFINITIONS = (
					"DEBUG=1",
					"$(inherited)",
				);
				GCC_WARN_64_TO_32_BIT_CONVERSION = YES;
				GCC_WARN_ABOUT_RETURN_TYPE = YES_ERROR;
				GCC_WARN_UNDECLARED_SELECTOR = YES;
				GCC_WARN_UNINITIALIZED_AUTOS = YES_AGGRESSIVE;
				GCC_WARN_UNUSED_FUNCTION = YES;
				GCC_WARN_UNUSED_VARIABLE = YES;
				IPHONEOS_DEPLOYMENT_TARGET = 13.4;
				MTL_ENABLE_DEBUG_INFO = INCLUDE_SOURCE;
				MTL_FAST_MATH = YES;
				ONLY_ACTIVE_ARCH = YES;
				SDKROOT = iphoneos;
				SWIFT_ACTIVE_COMPILATION_CONDITIONS = DEBUG;
				SWIFT_OPTIMIZATION_LEVEL = "-Onone";
			};
			name = Debug;
		};
		D9B666EA244781BF00E75980 /* Release */ = {
			isa = XCBuildConfiguration;
			buildSettings = {
				ALWAYS_SEARCH_USER_PATHS = NO;
				CLANG_ANALYZER_NONNULL = YES;
				CLANG_ANALYZER_NUMBER_OBJECT_CONVERSION = YES_AGGRESSIVE;
				CLANG_CXX_LANGUAGE_STANDARD = "gnu++14";
				CLANG_CXX_LIBRARY = "libc++";
				CLANG_ENABLE_MODULES = YES;
				CLANG_ENABLE_OBJC_ARC = YES;
				CLANG_ENABLE_OBJC_WEAK = YES;
				CLANG_WARN_BLOCK_CAPTURE_AUTORELEASING = YES;
				CLANG_WARN_BOOL_CONVERSION = YES;
				CLANG_WARN_COMMA = YES;
				CLANG_WARN_CONSTANT_CONVERSION = YES;
				CLANG_WARN_DEPRECATED_OBJC_IMPLEMENTATIONS = YES;
				CLANG_WARN_DIRECT_OBJC_ISA_USAGE = YES_ERROR;
				CLANG_WARN_DOCUMENTATION_COMMENTS = YES;
				CLANG_WARN_EMPTY_BODY = YES;
				CLANG_WARN_ENUM_CONVERSION = YES;
				CLANG_WARN_INFINITE_RECURSION = YES;
				CLANG_WARN_INT_CONVERSION = YES;
				CLANG_WARN_NON_LITERAL_NULL_CONVERSION = YES;
				CLANG_WARN_OBJC_IMPLICIT_RETAIN_SELF = YES;
				CLANG_WARN_OBJC_LITERAL_CONVERSION = YES;
				CLANG_WARN_OBJC_ROOT_CLASS = YES_ERROR;
				CLANG_WARN_RANGE_LOOP_ANALYSIS = YES;
				CLANG_WARN_STRICT_PROTOTYPES = YES;
				CLANG_WARN_SUSPICIOUS_MOVE = YES;
				CLANG_WARN_UNGUARDED_AVAILABILITY = YES_AGGRESSIVE;
				CLANG_WARN_UNREACHABLE_CODE = YES;
				CLANG_WARN__DUPLICATE_METHOD_MATCH = YES;
				COPY_PHASE_STRIP = NO;
				DEBUG_INFORMATION_FORMAT = "dwarf-with-dsym";
				ENABLE_NS_ASSERTIONS = NO;
				ENABLE_STRICT_OBJC_MSGSEND = YES;
				GCC_C_LANGUAGE_STANDARD = gnu11;
				GCC_NO_COMMON_BLOCKS = YES;
				GCC_WARN_64_TO_32_BIT_CONVERSION = YES;
				GCC_WARN_ABOUT_RETURN_TYPE = YES_ERROR;
				GCC_WARN_UNDECLARED_SELECTOR = YES;
				GCC_WARN_UNINITIALIZED_AUTOS = YES_AGGRESSIVE;
				GCC_WARN_UNUSED_FUNCTION = YES;
				GCC_WARN_UNUSED_VARIABLE = YES;
				IPHONEOS_DEPLOYMENT_TARGET = 13.4;
				MTL_ENABLE_DEBUG_INFO = NO;
				MTL_FAST_MATH = YES;
				SDKROOT = iphoneos;
				SWIFT_COMPILATION_MODE = wholemodule;
				SWIFT_OPTIMIZATION_LEVEL = "-O";
				VALIDATE_PRODUCT = YES;
			};
			name = Release;
		};
		D9B666EC244781BF00E75980 /* Debug */ = {
			isa = XCBuildConfiguration;
			buildSettings = {
				ASSETCATALOG_COMPILER_APPICON_NAME = AppIcon;
				CODE_SIGN_STYLE = Automatic;
				DEVELOPMENT_TEAM = Q9Y63W6Q4X;
				INFOPLIST_FILE = CompassTest/Info.plist;
				LD_RUNPATH_SEARCH_PATHS = (
					"$(inherited)",
					"@executable_path/Frameworks",
				);
				PRODUCT_BUNDLE_IDENTIFIER = com.guedes.CompassTest;
				PRODUCT_NAME = "$(TARGET_NAME)";
				SWIFT_VERSION = 5.0;
				TARGETED_DEVICE_FAMILY = "1,2";
			};
			name = Debug;
		};
		D9B666ED244781BF00E75980 /* Release */ = {
			isa = XCBuildConfiguration;
			buildSettings = {
				ASSETCATALOG_COMPILER_APPICON_NAME = AppIcon;
				CODE_SIGN_STYLE = Automatic;
				DEVELOPMENT_TEAM = Q9Y63W6Q4X;
				INFOPLIST_FILE = CompassTest/Info.plist;
				LD_RUNPATH_SEARCH_PATHS = (
					"$(inherited)",
					"@executable_path/Frameworks",
				);
				PRODUCT_BUNDLE_IDENTIFIER = com.guedes.CompassTest;
				PRODUCT_NAME = "$(TARGET_NAME)";
				SWIFT_VERSION = 5.0;
				TARGETED_DEVICE_FAMILY = "1,2";
			};
			name = Release;
		};
/* End XCBuildConfiguration section */

/* Begin XCConfigurationList section */
		D9B666D2244781B800E75980 /* Build configuration list for PBXProject "CompassTest" */ = {
			isa = XCConfigurationList;
			buildConfigurations = (
				D9B666E9244781BF00E75980 /* Debug */,
				D9B666EA244781BF00E75980 /* Release */,
			);
			defaultConfigurationIsVisible = 0;
			defaultConfigurationName = Release;
		};
		D9B666EB244781BF00E75980 /* Build configuration list for PBXNativeTarget "CompassTest" */ = {
			isa = XCConfigurationList;
			buildConfigurations = (
				D9B666EC244781BF00E75980 /* Debug */,
				D9B666ED244781BF00E75980 /* Release */,
			);
			defaultConfigurationIsVisible = 0;
			defaultConfigurationName = Release;
		};
/* End XCConfigurationList section */
	};
	rootObject = D9B666CF244781B800E75980 /* Project object */;
}
